
Microsoft Visual Studio Solution File, Format Version 12.00
# Visual Studio Version 17
VisualStudioVersion = 17.0.31717.71
MinimumVisualStudioVersion = 10.0.40219.1
Project("{2150E333-8FDC-42A3-9474-1A3956D46DE8}") = "src", "src", "{FE12110D-0CFE-45ED-927C-E0360362A3B9}"
EndProject
Project("{6EC3EE1D-3C4E-46DD-8F32-0CC8E7565705}") = "kv", "src\kv\kv.fsproj", "{B2AA742B-3205-4445-8BFA-D8159555E679}"
EndProject
Project("{6EC3EE1D-3C4E-46DD-8F32-0CC8E7565705}") = "kv.ui", "src\kv.ui\kv.ui.fsproj", "{A431F330-32B4-4412-AC2D-F43D96982E08}"
EndProject
Project("{F2A71F9B-5D33-465A-A702-920D77279786}") = "kv.client", "kv.client\kv.client.fsproj", "{42EF2EDD-B484-4471-B1D3-201AC6929089}"
EndProject
Global
	GlobalSection(SolutionConfigurationPlatforms) = preSolution
		Debug|Any CPU = Debug|Any CPU
		Release|Any CPU = Release|Any CPU
	EndGlobalSection
	GlobalSection(ProjectConfigurationPlatforms) = postSolution
		{B2AA742B-3205-4445-8BFA-D8159555E679}.Debug|Any CPU.ActiveCfg = Debug|Any CPU
		{B2AA742B-3205-4445-8BFA-D8159555E679}.Debug|Any CPU.Build.0 = Debug|Any CPU
		{B2AA742B-3205-4445-8BFA-D8159555E679}.Release|Any CPU.ActiveCfg = Release|Any CPU
		{B2AA742B-3205-4445-8BFA-D8159555E679}.Release|Any CPU.Build.0 = Release|Any CPU
		{A431F330-32B4-4412-AC2D-F43D96982E08}.Debug|Any CPU.ActiveCfg = Debug|Any CPU
		{A431F330-32B4-4412-AC2D-F43D96982E08}.Debug|Any CPU.Build.0 = Debug|Any CPU
		{A431F330-32B4-4412-AC2D-F43D96982E08}.Release|Any CPU.ActiveCfg = Release|Any CPU
		{A431F330-32B4-4412-AC2D-F43D96982E08}.Release|Any CPU.Build.0 = Release|Any CPU
		{42EF2EDD-B484-4471-B1D3-201AC6929089}.Debug|Any CPU.ActiveCfg = Debug|Any CPU
		{42EF2EDD-B484-4471-B1D3-201AC6929089}.Debug|Any CPU.Build.0 = Debug|Any CPU
		{42EF2EDD-B484-4471-B1D3-201AC6929089}.Release|Any CPU.ActiveCfg = Release|Any CPU
		{42EF2EDD-B484-4471-B1D3-201AC6929089}.Release|Any CPU.Build.0 = Release|Any CPU
	EndGlobalSection
	GlobalSection(SolutionProperties) = preSolution
		HideSolutionNode = FALSE
	EndGlobalSection
	GlobalSection(NestedProjects) = preSolution
		{B2AA742B-3205-4445-8BFA-D8159555E679} = {FE12110D-0CFE-45ED-927C-E0360362A3B9}
		{A431F330-32B4-4412-AC2D-F43D96982E08} = {FE12110D-0CFE-45ED-927C-E0360362A3B9}
		{42EF2EDD-B484-4471-B1D3-201AC6929089} = {FE12110D-0CFE-45ED-927C-E0360362A3B9}
	EndGlobalSection
	GlobalSection(ExtensibilityGlobals) = postSolution
		SolutionGuid = {0AA59D48-B93A-4F8F-BC62-FAA52AA3E7A9}
	EndGlobalSection
EndGlobal
